
Microsoft Visual Studio Solution File, Format Version 12.00
Project("{FAE04EC0-301F-11D3-BF4B-00C04F79EFBC}") = "DevFreela.API", "DevFreela.API\DevFreela.API.csproj", "{FB0B55A8-9F30-4AE1-9A2E-302F42CB5365}"
EndProject
Project("{FAE04EC0-301F-11D3-BF4B-00C04F79EFBC}") = "DevFreela.Application", "DevFreela.Application\DevFreela.Application.csproj", "{A28A05E0-38F8-4B6A-823E-7A46354EEB29}"
EndProject
Project("{FAE04EC0-301F-11D3-BF4B-00C04F79EFBC}") = "DevFreela.Infrastructure", "DevFreela.Infrastructure\DevFreela.Infrastructure.csproj", "{0501A0B6-AEBA-439A-B7C9-21B2989D5B52}"
EndProject
Project("{FAE04EC0-301F-11D3-BF4B-00C04F79EFBC}") = "DevFreela.Core", "DevFreela.Core\DevFreela.Core.csproj", "{945843C1-82B3-43BB-A415-38F62F0F3E55}"
EndProject
Project("{FAE04EC0-301F-11D3-BF4B-00C04F79EFBC}") = "DevFreela.UnitTests", "DevFreela.UnitTests\DevFreela.UnitTests.csproj", "{F4C1C4CA-0089-4AD9-883D-D0E2B4F89FF2}"
EndProject
Global
	GlobalSection(SolutionConfigurationPlatforms) = preSolution
		Debug|Any CPU = Debug|Any CPU
		Release|Any CPU = Release|Any CPU
	EndGlobalSection
	GlobalSection(ProjectConfigurationPlatforms) = postSolution
		{FB0B55A8-9F30-4AE1-9A2E-302F42CB5365}.Debug|Any CPU.ActiveCfg = Debug|Any CPU
		{FB0B55A8-9F30-4AE1-9A2E-302F42CB5365}.Debug|Any CPU.Build.0 = Debug|Any CPU
		{FB0B55A8-9F30-4AE1-9A2E-302F42CB5365}.Release|Any CPU.ActiveCfg = Release|Any CPU
		{FB0B55A8-9F30-4AE1-9A2E-302F42CB5365}.Release|Any CPU.Build.0 = Release|Any CPU
		{A28A05E0-38F8-4B6A-823E-7A46354EEB29}.Debug|Any CPU.ActiveCfg = Debug|Any CPU
		{A28A05E0-38F8-4B6A-823E-7A46354EEB29}.Debug|Any CPU.Build.0 = Debug|Any CPU
		{A28A05E0-38F8-4B6A-823E-7A46354EEB29}.Release|Any CPU.ActiveCfg = Release|Any CPU
		{A28A05E0-38F8-4B6A-823E-7A46354EEB29}.Release|Any CPU.Build.0 = Release|Any CPU
		{0501A0B6-AEBA-439A-B7C9-21B2989D5B52}.Debug|Any CPU.ActiveCfg = Debug|Any CPU
		{0501A0B6-AEBA-439A-B7C9-21B2989D5B52}.Debug|Any CPU.Build.0 = Debug|Any CPU
		{0501A0B6-AEBA-439A-B7C9-21B2989D5B52}.Release|Any CPU.ActiveCfg = Release|Any CPU
		{0501A0B6-AEBA-439A-B7C9-21B2989D5B52}.Release|Any CPU.Build.0 = Release|Any CPU
		{945843C1-82B3-43BB-A415-38F62F0F3E55}.Debug|Any CPU.ActiveCfg = Debug|Any CPU
		{945843C1-82B3-43BB-A415-38F62F0F3E55}.Debug|Any CPU.Build.0 = Debug|Any CPU
		{945843C1-82B3-43BB-A415-38F62F0F3E55}.Release|Any CPU.ActiveCfg = Release|Any CPU
		{945843C1-82B3-43BB-A415-38F62F0F3E55}.Release|Any CPU.Build.0 = Release|Any CPU
		{F4C1C4CA-0089-4AD9-883D-D0E2B4F89FF2}.Debug|Any CPU.ActiveCfg = Debug|Any CPU
		{F4C1C4CA-0089-4AD9-883D-D0E2B4F89FF2}.Debug|Any CPU.Build.0 = Debug|Any CPU
		{F4C1C4CA-0089-4AD9-883D-D0E2B4F89FF2}.Release|Any CPU.ActiveCfg = Release|Any CPU
		{F4C1C4CA-0089-4AD9-883D-D0E2B4F89FF2}.Release|Any CPU.Build.0 = Release|Any CPU
	EndGlobalSection
EndGlobal
